
Microsoft Visual Studio Solution File, Format Version 12.00
# Visual Studio Version 16
VisualStudioVersion = 16.0.32929.386
MinimumVisualStudioVersion = 10.0.40219.1
Project("{FAE04EC0-301F-11D3-BF4B-00C04F79EFBC}") = "Binary3", "Binary3\Binary3.csproj", "{033BA730-8214-4658-ACDC-11C2C2428A74}"
EndProject
Global
	GlobalSection(SolutionConfigurationPlatforms) = preSolution
		Debug|Any CPU = Debug|Any CPU
		Release|Any CPU = Release|Any CPU
	EndGlobalSection
	GlobalSection(ProjectConfigurationPlatforms) = postSolution
		{033BA730-8214-4658-ACDC-11C2C2428A74}.Debug|Any CPU.ActiveCfg = Debug|Any CPU
		{033BA730-8214-4658-ACDC-11C2C2428A74}.Debug|Any CPU.Build.0 = Debug|Any CPU
		{033BA730-8214-4658-ACDC-11C2C2428A74}.Release|Any CPU.ActiveCfg = Release|Any CPU
		{033BA730-8214-4658-ACDC-11C2C2428A74}.Release|Any CPU.Build.0 = Release|Any CPU
	EndGlobalSection
	GlobalSection(SolutionProperties) = preSolution
		HideSolutionNode = FALSE
	EndGlobalSection
	GlobalSection(ExtensibilityGlobals) = postSolution
		SolutionGuid = {67F89B12-4A67-4244-9BA0-2E65B960357D}
	EndGlobalSection
EndGlobal
